Microsoft Visual Studio Solution File, Format Version 12.00
# Visual Studio 2012
Project("{FAE04EC0-301F-11D3-BF4B-00C04F79EFBC}") = "BitBeatBattle", "BitBeatBattle.csproj", "{FF4F7035-B081-4440-A703-A65FA7704A5E}"
EndProject
Global
	GlobalSection(SolutionConfigurationPlatforms) = preSolution
	Debug|Any CPU = Debug|Any CPU
	ExportDebug|Any CPU = ExportDebug|Any CPU
	ExportRelease|Any CPU = ExportRelease|Any CPU
	EndGlobalSection
	GlobalSection(ProjectConfigurationPlatforms) = postSolution
		{FF4F7035-B081-4440-A703-A65FA7704A5E}.Debug|Any CPU.ActiveCfg = Debug|Any CPU
		{FF4F7035-B081-4440-A703-A65FA7704A5E}.Debug|Any CPU.Build.0 = Debug|Any CPU
		{FF4F7035-B081-4440-A703-A65FA7704A5E}.ExportDebug|Any CPU.ActiveCfg = ExportDebug|Any CPU
		{FF4F7035-B081-4440-A703-A65FA7704A5E}.ExportDebug|Any CPU.Build.0 = ExportDebug|Any CPU
		{FF4F7035-B081-4440-A703-A65FA7704A5E}.ExportRelease|Any CPU.ActiveCfg = ExportRelease|Any CPU
		{FF4F7035-B081-4440-A703-A65FA7704A5E}.ExportRelease|Any CPU.Build.0 = ExportRelease|Any CPU
	EndGlobalSection
EndGlobal
